
Microsoft Visual Studio Solution File, Format Version 12.00
# Visual Studio 15
VisualStudioVersion = 15.0.28307.1525
MinimumVisualStudioVersion = 10.0.40219.1
Project("{FAE04EC0-301F-11D3-BF4B-00C04F79EFBC}") = "GbSet", "GbSet\GbSet.csproj", "{E5093FE0-C3B5-4936-93C6-4BBF65BC6E5C}"
EndProject
Global
	GlobalSection(SolutionConfigurationPlatforms) = preSolution
		Debug|Any CPU = Debug|Any CPU
		Release|Any CPU = Release|Any CPU
	EndGlobalSection
	GlobalSection(ProjectConfigurationPlatforms) = postSolution
		{E5093FE0-C3B5-4936-93C6-4BBF65BC6E5C}.Debug|Any CPU.ActiveCfg = Debug|Any CPU
		{E5093FE0-C3B5-4936-93C6-4BBF65BC6E5C}.Debug|Any CPU.Build.0 = Debug|Any CPU
		{E5093FE0-C3B5-4936-93C6-4BBF65BC6E5C}.Release|Any CPU.ActiveCfg = Release|Any CPU
		{E5093FE0-C3B5-4936-93C6-4BBF65BC6E5C}.Release|Any CPU.Build.0 = Release|Any CPU
	EndGlobalSection
	GlobalSection(SolutionProperties) = preSolution
		HideSolutionNode = FALSE
	EndGlobalSection
	GlobalSection(ExtensibilityGlobals) = postSolution
		SolutionGuid = {84BAE6BB-B3F2-46DB-83B7-873114D9978B}
	EndGlobalSection
EndGlobal
